// !$*UTF8*$!
{
	archiveVersion = 1;
	classes = {
	};
	objectVersion = 55;
	objects = {

/* Begin PBXBuildFile section */
		DB30EA5D2971724200F920C4 /* AppDelegate.swift in Sources */ = {isa = PBXBuildFile; fileRef = DB30EA5C2971724200F920C4 /* AppDelegate.swift */; };
		DB30EA5F2971724200F920C4 /* SceneDelegate.swift in Sources */ = {isa = PBXBuildFile; fileRef = DB30EA5E2971724200F920C4 /* SceneDelegate.swift */; };
		DB30EA642971724200F920C4 /* Main.storyboard in Resources */ = {isa = PBXBuildFile; fileRef = DB30EA622971724200F920C4 /* Main.storyboard */; };
		DB30EA662971724200F920C4 /* Assets.xcassets in Resources */ = {isa = PBXBuildFile; fileRef = DB30EA652971724200F920C4 /* Assets.xcassets */; };
		DB30EA692971724200F920C4 /* LaunchScreen.storyboard in Resources */ = {isa = PBXBuildFile; fileRef = DB30EA672971724200F920C4 /* LaunchScreen.storyboard */; };
		DB30EA712971725400F920C4 /* Refer.swift in Sources */ = {isa = PBXBuildFile; fileRef = DB30EA702971725400F920C4 /* Refer.swift */; };
		DB56DAF429768D630085BDDF /* ViewController1.swift in Sources */ = {isa = PBXBuildFile; fileRef = DB56DAF329768D630085BDDF /* ViewController1.swift */; };
		DB56DAF629768D6C0085BDDF /* ViewController2.swift in Sources */ = {isa = PBXBuildFile; fileRef = DB56DAF529768D6C0085BDDF /* ViewController2.swift */; };
/* End PBXBuildFile section */

/* Begin PBXFileReference section */
		DB30EA592971724200F920C4 /* NotificationEX.app */ = {isa = PBXFileReference; explicitFileType = wrapper.application; includeInIndex = 0; path = NotificationEX.app; sourceTree = BUILT_PRODUCTS_DIR; };
		DB30EA5C2971724200F920C4 /* AppDelegate.swift */ = {isa = PBXFileReference; lastKnownFileType = sourcecode.swift; path = AppDelegate.swift; sourceTree = "<group>"; };
		DB30EA5E2971724200F920C4 /* SceneDelegate.swift */ = {isa = PBXFileReference; lastKnownFileType = sourcecode.swift; path = SceneDelegate.swift; sourceTree = "<group>"; };
		DB30EA632971724200F920C4 /* Base */ = {isa = PBXFileReference; lastKnownFileType = file.storyboard; name = Base; path = Base.lproj/Main.storyboard; sourceTree = "<group>"; };
		DB30EA652971724200F920C4 /* Assets.xcassets */ = {isa = PBXFileReference; lastKnownFileType = folder.assetcatalog; path = Assets.xcassets; sourceTree = "<group>"; };
		DB30EA682971724200F920C4 /* Base */ = {isa = PBXFileReference; lastKnownFileType = file.storyboard; name = Base; path = Base.lproj/LaunchScreen.storyboard; sourceTree = "<group>"; };
		DB30EA6A2971724200F920C4 /* Info.plist */ = {isa = PBXFileReference; lastKnownFileType = text.plist.xml; path = Info.plist; sourceTree = "<group>"; };
		DB30EA702971725400F920C4 /* Refer.swift */ = {isa = PBXFileReference; lastKnownFileType = sourcecode.swift; path = Refer.swift; sourceTree = "<group>"; };
		DB56DAF329768D630085BDDF /* ViewController1.swift */ = {isa = PBXFileReference; lastKnownFileType = sourcecode.swift; path = ViewController1.swift; sourceTree = "<group>"; };
		DB56DAF529768D6C0085BDDF /* ViewController2.swift */ = {isa = PBXFileReference; lastKnownFileType = sourcecode.swift; path = ViewController2.swift; sourceTree = "<group>"; };
/* End PBXFileReference section */

/* Begin PBXFrameworksBuildPhase section */
		DB30EA562971724200F920C4 /* Frameworks */ = {
			isa = PBXFrameworksBuildPhase;
			buildActionMask = 2147483647;
			files = (
			);
			runOnlyForDeploymentPostprocessing = 0;
		};
/* End PBXFrameworksBuildPhase section */

/* Begin PBXGroup section */
		DB30EA502971724200F920C4 = {
			isa = PBXGroup;
			children = (
				DB30EA5B2971724200F920C4 /* NotificationEX */,
				DB30EA5A2971724200F920C4 /* Products */,
			);
			sourceTree = "<group>";
		};
		DB30EA5A2971724200F920C4 /* Products */ = {
			isa = PBXGroup;
			children = (
				DB30EA592971724200F920C4 /* NotificationEX.app */,
			);
			name = Products;
			sourceTree = "<group>";
		};
		DB30EA5B2971724200F920C4 /* NotificationEX */ = {
			isa = PBXGroup;
			children = (
				DB30EA5C2971724200F920C4 /* AppDelegate.swift */,
				DB30EA5E2971724200F920C4 /* SceneDelegate.swift */,
				DB30EA702971725400F920C4 /* Refer.swift */,
				DB30EA622971724200F920C4 /* Main.storyboard */,
				DB56DAF329768D630085BDDF /* ViewController1.swift */,
				DB56DAF529768D6C0085BDDF /* ViewController2.swift */,
				DB30EA652971724200F920C4 /* Assets.xcassets */,
				DB30EA672971724200F920C4 /* LaunchScreen.storyboard */,
				DB30EA6A2971724200F920C4 /* Info.plist */,
			);
			path = NotificationEX;
			sourceTree = "<group>";
		};
/* End PBXGroup section */

/* Begin PBXNativeTarget section */
		DB30EA582971724200F920C4 /* NotificationEX */ = {
			isa = PBXNativeTarget;
			buildConfigurationList = DB30EA6D2971724200F920C4 /* Build configuration list for PBXNativeTarget "NotificationEX" */;
			buildPhases = (
				DB30EA552971724200F920C4 /* Sources */,
				DB30EA562971724200F920C4 /* Frameworks */,
				DB30EA572971724200F920C4 /* Resources */,
			);
			buildRules = (
			);
			dependencies = (
			);
			name = NotificationEX;
			productName = NotificationEX;
			productReference = DB30EA592971724200F920C4 /* NotificationEX.app */;
			productType = "com.apple.product-type.application";
		};
/* End PBXNativeTarget section */

/* Begin PBXProject section */
		DB30EA512971724200F920C4 /* Project object */ = {
			isa = PBXProject;
			attributes = {
				BuildIndependentTargetsInParallel = 1;
				LastSwiftUpdateCheck = 1340;
				LastUpgradeCheck = 1340;
				TargetAttributes = {
					DB30EA582971724200F920C4 = {
						CreatedOnToolsVersion = 13.4;
					};
				};
			};
			buildConfigurationList = DB30EA542971724200F920C4 /* Build configuration list for PBXProject "NotificationEX" */;
			compatibilityVersion = "Xcode 13.0";
			developmentRegion = en;
			hasScannedForEncodings = 0;
			knownRegions = (
				en,
				Base,
			);
			mainGroup = DB30EA502971724200F920C4;
			productRefGroup = DB30EA5A2971724200F920C4 /* Products */;
			projectDirPath = "";
			projectRoot = "";
			targets = (
				DB30EA582971724200F920C4 /* NotificationEX */,
			);
		};
/* End PBXProject section */

/* Begin PBXResourcesBuildPhase section */
		DB30EA572971724200F920C4 /* Resources */ = {
			isa = PBXResourcesBuildPhase;
			buildActionMask = 2147483647;
			files = (
				DB30EA692971724200F920C4 /* LaunchScreen.storyboard in Resources */,
				DB30EA662971724200F920C4 /* Assets.xcassets in Resources */,
				DB30EA642971724200F920C4 /* Main.storyboard in Resources */,
			);
			runOnlyForDeploymentPostprocessing = 0;
		};
/* End PBXResourcesBuildPhase section */

/* Begin PBXSourcesBuildPhase section */
		DB30EA552971724200F920C4 /* Sources */ = {
			isa = PBXSourcesBuildPhase;
			buildActionMask = 2147483647;
			files = (
				DB56DAF629768D6C0085BDDF /* ViewController2.swift in Sources */,
				DB56DAF429768D630085BDDF /* ViewController1.swift in Sources */,
				DB30EA5D2971724200F920C4 /* AppDelegate.swift in Sources */,
				DB30EA712971725400F920C4 /* Refer.swift in Sources */,
				DB30EA5F2971724200F920C4 /* SceneDelegate.swift in Sources */,
			);
			runOnlyForDeploymentPostprocessing = 0;
		};
/* End PBXSourcesBuildPhase section */

/* Begin PBXVariantGroup section */
		DB30EA622971724200F920C4 /* Main.storyboard */ = {
			isa = PBXVariantGroup;
			children = (
				DB30EA632971724200F920C4 /* Base */,
			);
			name = Main.storyboard;
			sourceTree = "<group>";
		};
		DB30EA672971724200F920C4 /* LaunchScreen.storyboard */ = {
			isa = PBXVariantGroup;
			children = (
				DB30EA682971724200F920C4 /* Base */,
			);
			name = LaunchScreen.storyboard;
			sourceTree = "<group>";
		};
/* End PBXVariantGroup section */

/* Begin XCBuildConfiguration section */
		DB30EA6B2971724200F920C4 /* Debug */ = {
			isa = XCBuildConfiguration;
			buildSettings = {
				ALWAYS_SEARCH_USER_PATHS = NO;
				CLANG_ANALYZER_NONNULL = YES;
				CLANG_ANALYZER_NUMBER_OBJECT_CONVERSION = YES_AGGRESSIVE;
				CLANG_CXX_LANGUAGE_STANDARD = "gnu++17";
				CLANG_ENABLE_MODULES = YES;
				CLANG_ENABLE_OBJC_ARC = YES;
				CLANG_ENABLE_OBJC_WEAK = YES;
				CLANG_WARN_BLOCK_CAPTURE_AUTORELEASING = YES;
				CLANG_WARN_BOOL_CONVERSION = YES;
				CLANG_WARN_COMMA = YES;
				CLANG_WARN_CONSTANT_CONVERSION = YES;
				CLANG_WARN_DEPRECATED_OBJC_IMPLEMENTATIONS = YES;
				CLANG_WARN_DIRECT_OBJC_ISA_USAGE = YES_ERROR;
				CLANG_WARN_DOCUMENTATION_COMMENTS = YES;
				CLANG_WARN_EMPTY_BODY = YES;
				CLANG_WARN_ENUM_CONVERSION = YES;
				CLANG_WARN_INFINITE_RECURSION = YES;
				CLANG_WARN_INT_CONVERSION = YES;
				CLANG_WARN_NON_LITERAL_NULL_CONVERSION = YES;
				CLANG_WARN_OBJC_IMPLICIT_RETAIN_SELF = YES;
				CLANG_WARN_OBJC_LITERAL_CONVERSION = YES;
				CLANG_WARN_OBJC_ROOT_CLASS = YES_ERROR;
				CLANG_WARN_QUOTED_INCLUDE_IN_FRAMEWORK_HEADER = YES;
				CLANG_WARN_RANGE_LOOP_ANALYSIS = YES;
				CLANG_WARN_STRICT_PROTOTYPES = YES;
				CLANG_WARN_SUSPICIOUS_MOVE = YES;
				CLANG_WARN_UNGUARDED_AVAILABILITY = YES_AGGRESSIVE;
				CLANG_WARN_UNREACHABLE_CODE = YES;
				CLANG_WARN__DUPLICATE_METHOD_MATCH = YES;
				COPY_PHASE_STRIP = NO;
				DEBUG_INFORMATION_FORMAT = dwarf;
				ENABLE_STRICT_OBJC_MSGSEND = YES;
				ENABLE_TESTABILITY = YES;
				GCC_C_LANGUAGE_STANDARD = gnu11;
				GCC_DYNAMIC_NO_PIC = NO;
				GCC_NO_COMMON_BLOCKS = YES;
				GCC_OPTIMIZATION_LEVEL = 0;
				GCC_PREPROCESSOR_DEFINITIONS = (
					"DEBUG=1",
					"$(inherited)",
				);
				GCC_WARN_64_TO_32_BIT_CONVERSION = YES;
				GCC_WARN_ABOUT_RETURN_TYPE = YES_ERROR;
				GCC_WARN_UNDECLARED_SELECTOR = YES;
				GCC_WARN_UNINITIALIZED_AUTOS = YES_AGGRESSIVE;
				GCC_WARN_UNUSED_FUNCTION = YES;
				GCC_WARN_UNUSED_VARIABLE = YES;
				IPHONEOS_DEPLOYMENT_TARGET = 15.5;
				MTL_ENABLE_DEBUG_INFO = INCLUDE_SOURCE;
				MTL_FAST_MATH = YES;
				ONLY_ACTIVE_ARCH = YES;
				SDKROOT = iphoneos;
				SWIFT_ACTIVE_COMPILATION_CONDITIONS = DEBUG;
				SWIFT_OPTIMIZATION_LEVEL = "-Onone";
			};
			name = Debug;
		};
		DB30EA6C2971724200F920C4 /* Release */ = {
			isa = XCBuildConfiguration;
			buildSettings = {
				ALWAYS_SEARCH_USER_PATHS = NO;
				CLANG_ANALYZER_NONNULL = YES;
				CLANG_ANALYZER_NUMBER_OBJECT_CONVERSION = YES_AGGRESSIVE;
				CLANG_CXX_LANGUAGE_STANDARD = "gnu++17";
				CLANG_ENABLE_MODULES = YES;
				CLANG_ENABLE_OBJC_ARC = YES;
				CLANG_ENABLE_OBJC_WEAK = YES;
				CLANG_WARN_BLOCK_CAPTURE_AUTORELEASING = YES;
				CLANG_WARN_BOOL_CONVERSION = YES;
				CLANG_WARN_COMMA = YES;
				CLANG_WARN_CONSTANT_CONVERSION = YES;
				CLANG_WARN_DEPRECATED_OBJC_IMPLEMENTATIONS = YES;
				CLANG_WARN_DIRECT_OBJC_ISA_USAGE = YES_ERROR;
				CLANG_WARN_DOCUMENTATION_COMMENTS = YES;
				CLANG_WARN_EMPTY_BODY = YES;
				CLANG_WARN_ENUM_CONVERSION = YES;
				CLANG_WARN_INFINITE_RECURSION = YES;
				CLANG_WARN_INT_CONVERSION = YES;
				CLANG_WARN_NON_LITERAL_NULL_CONVERSION = YES;
				CLANG_WARN_OBJC_IMPLICIT_RETAIN_SELF = YES;
				CLANG_WARN_OBJC_LITERAL_CONVERSION = YES;
				CLANG_WARN_OBJC_ROOT_CLASS = YES_ERROR;
				CLANG_WARN_QUOTED_INCLUDE_IN_FRAMEWORK_HEADER = YES;
				CLANG_WARN_RANGE_LOOP_ANALYSIS = YES;
				CLANG_WARN_STRICT_PROTOTYPES = YES;
				CLANG_WARN_SUSPICIOUS_MOVE = YES;
				CLANG_WARN_UNGUARDED_AVAILABILITY = YES_AGGRESSIVE;
				CLANG_WARN_UNREACHABLE_CODE = YES;
				CLANG_WARN__DUPLICATE_METHOD_MATCH = YES;
				COPY_PHASE_STRIP = NO;
				DEBUG_INFORMATION_FORMAT = "dwarf-with-dsym";
				ENABLE_NS_ASSERTIONS = NO;
				ENABLE_STRICT_OBJC_MSGSEND = YES;
				GCC_C_LANGUAGE_STANDARD = gnu11;
				GCC_NO_COMMON_BLOCKS = YES;
				GCC_WARN_64_TO_32_BIT_CONVERSION = YES;
				GCC_WARN_ABOUT_RETURN_TYPE = YES_ERROR;
				GCC_WARN_UNDECLARED_SELECTOR = YES;
				GCC_WARN_UNINITIALIZED_AUTOS = YES_AGGRESSIVE;
				GCC_WARN_UNUSED_FUNCTION = YES;
				GCC_WARN_UNUSED_VARIABLE = YES;
				IPHONEOS_DEPLOYMENT_TARGET = 15.5;
				MTL_ENABLE_DEBUG_INFO = NO;
				MTL_FAST_MATH = YES;
				SDKROOT = iphoneos;
				SWIFT_COMPILATION_MODE = wholemodule;
				SWIFT_OPTIMIZATION_LEVEL = "-O";
				VALIDATE_PRODUCT = YES;
			};
			name = Release;
		};
		DB30EA6E2971724200F920C4 /* Debug */ = {
			isa = XCBuildConfiguration;
			buildSettings = {
				ASSETCATALOG_COMPILER_APPICON_NAME = AppIcon;
				ASSETCATALOG_COMPILER_GLOBAL_ACCENT_COLOR_NAME = AccentColor;
				CODE_SIGN_STYLE = Automatic;
				CURRENT_PROJECT_VERSION = 1;
				DEVELOPMENT_TEAM = 2U6KC5XD5W;
				GENERATE_INFOPLIST_FILE = YES;
				INFOPLIST_FILE = NotificationEX/Info.plist;
				INFOPLIST_KEY_UIApplicationSupportsIndirectInputEvents = YES;
				INFOPLIST_KEY_UILaunchStoryboardName = LaunchScreen;
				INFOPLIST_KEY_UIMainStoryboardFile = Main;
				INFOPLIST_KEY_UISupportedInterfaceOrientations_iPad = "UIInterfaceOrientationPortrait UIInterfaceOrientationPortraitUpsideDown UIInterfaceOrientationLandscapeLeft UIInterfaceOrientationLandscapeRight";
				INFOPLIST_KEY_UISupportedInterfaceOrientations_iPhone = "UIInterfaceOrientationPortrait UIInterfaceOrientationLandscapeLeft UIInterfaceOrientationLandscapeRight";
				IPHONEOS_DEPLOYMENT_TARGET = 14.0;
				LD_RUNPATH_SEARCH_PATHS = (
					"$(inherited)",
					"@executable_path/Frameworks",
				);
				MARKETING_VERSION = 1.0;
				PRODUCT_BUNDLE_IDENTIFIER = kim.NotificationEX;
				PRODUCT_NAME = "$(TARGET_NAME)";
				SWIFT_EMIT_LOC_STRINGS = YES;
				SWIFT_VERSION = 5.0;
				TARGETED_DEVICE_FAMILY = 1;
			};
			name = Debug;
		};
		DB30EA6F2971724200F920C4 /* Release */ = {
			isa = XCBuildConfiguration;
			buildSettings = {
				ASSETCATALOG_COMPILER_APPICON_NAME = AppIcon;
				ASSETCATALOG_COMPILER_GLOBAL_ACCENT_COLOR_NAME = AccentColor;
				CODE_SIGN_STYLE = Automatic;
				CURRENT_PROJECT_VERSION = 1;
				DEVELOPMENT_TEAM = 2U6KC5XD5W;
				GENERATE_INFOPLIST_FILE = YES;
				INFOPLIST_FILE = NotificationEX/Info.plist;
				INFOPLIST_KEY_UIApplicationSupportsIndirectInputEvents = YES;
				INFOPLIST_KEY_UILaunchStoryboardName = LaunchScreen;
				INFOPLIST_KEY_UIMainStoryboardFile = Main;
				INFOPLIST_KEY_UISupportedInterfaceOrientations_iPad = "UIInterfaceOrientationPortrait UIInterfaceOrientationPortraitUpsideDown UIInterfaceOrientationLandscapeLeft UIInterfaceOrientationLandscapeRight";
				INFOPLIST_KEY_UISupportedInterfaceOrientations_iPhone = "UIInterfaceOrientationPortrait UIInterfaceOrientationLandscapeLeft UIInterfaceOrientationLandscapeRight";
				IPHONEOS_DEPLOYMENT_TARGET = 14.0;
				LD_RUNPATH_SEARCH_PATHS = (
					"$(inherited)",
					"@executable_path/Frameworks",
				);
				MARKETING_VERSION = 1.0;
				PRODUCT_BUNDLE_IDENTIFIER = kim.NotificationEX;
				PRODUCT_NAME = "$(TARGET_NAME)";
				SWIFT_EMIT_LOC_STRINGS = YES;
				SWIFT_VERSION = 5.0;
				TARGETED_DEVICE_FAMILY = 1;
			};
			name = Release;
		};
/* End XCBuildConfiguration section */

/* Begin XCConfigurationList section */
		DB30EA542971724200F920C4 /* Build configuration list for PBXProject "NotificationEX" */ = {
			isa = XCConfigurationList;
			buildConfigurations = (
				DB30EA6B2971724200F920C4 /* Debug */,
				DB30EA6C2971724200F920C4 /* Release */,
			);
			defaultConfigurationIsVisible = 0;
			defaultConfigurationName = Release;
		};
		DB30EA6D2971724200F920C4 /* Build configuration list for PBXNativeTarget "NotificationEX" */ = {
			isa = XCConfigurationList;
			buildConfigurations = (
				DB30EA6E2971724200F920C4 /* Debug */,
				DB30EA6F2971724200F920C4 /* Release */,
			);
			defaultConfigurationIsVisible = 0;
			defaultConfigurationName = Release;
		};
/* End XCConfigurationList section */
	};
	rootObject = DB30EA512971724200F920C4 /* Project object */;
}
